// !$*UTF8*$!
{
	archiveVersion = 1;
	classes = {
	};
	objectVersion = 46;
	objects = {

/* Begin PBXBuildFile section */
		90946F3B1CB9103700DB2D14 /* AppDelegate.swift in Sources */ = {isa = PBXBuildFile; fileRef = 90946F3A1CB9103700DB2D14 /* AppDelegate.swift */; };
		90946F3D1CB9103700DB2D14 /* BooksViewController.swift in Sources */ = {isa = PBXBuildFile; fileRef = 90946F3C1CB9103700DB2D14 /* BooksViewController.swift */; };
		90946F401CB9103700DB2D14 /* Main.storyboard in Resources */ = {isa = PBXBuildFile; fileRef = 90946F3E1CB9103700DB2D14 /* Main.storyboard */; };
		90946F431CB9103700DB2D14 /* HackaTheon.xcdatamodeld in Sources */ = {isa = PBXBuildFile; fileRef = 90946F411CB9103700DB2D14 /* HackaTheon.xcdatamodeld */; };
		90946F451CB9103700DB2D14 /* Assets.xcassets in Resources */ = {isa = PBXBuildFile; fileRef = 90946F441CB9103700DB2D14 /* Assets.xcassets */; };
		90946F481CB9103700DB2D14 /* LaunchScreen.storyboard in Resources */ = {isa = PBXBuildFile; fileRef = 90946F461CB9103700DB2D14 /* LaunchScreen.storyboard */; };
		90946F501CB927B400DB2D14 /* Song.swift in Sources */ = {isa = PBXBuildFile; fileRef = 90946F4F1CB927B400DB2D14 /* Song.swift */; };
		90946F541CB927CE00DB2D14 /* List.swift in Sources */ = {isa = PBXBuildFile; fileRef = 90946F531CB927CE00DB2D14 /* List.swift */; };
		90946F561CB927E500DB2D14 /* Group.swift in Sources */ = {isa = PBXBuildFile; fileRef = 90946F551CB927E500DB2D14 /* Group.swift */; };
		90946F581CB929A600DB2D14 /* ListViewController.swift in Sources */ = {isa = PBXBuildFile; fileRef = 90946F571CB929A600DB2D14 /* ListViewController.swift */; };
		90946F5B1CB92B2800DB2D14 /* ListCollectionViewCell.swift in Sources */ = {isa = PBXBuildFile; fileRef = 90946F5A1CB92B2800DB2D14 /* ListCollectionViewCell.swift */; };
		90D851D31CB95FDF0089E151 /* PhoneCardsCollectionViewLayout.m in Sources */ = {isa = PBXBuildFile; fileRef = 90D851D21CB95FDF0089E151 /* PhoneCardsCollectionViewLayout.m */; };
		90D851D51CB96BD80089E151 /* SongViewController.swift in Sources */ = {isa = PBXBuildFile; fileRef = 90D851D41CB96BD80089E151 /* SongViewController.swift */; };
/* End PBXBuildFile section */

/* Begin PBXFileReference section */
		90946F371CB9103700DB2D14 /* HackaTheon.app */ = {isa = PBXFileReference; explicitFileType = wrapper.application; includeInIndex = 0; path = HackaTheon.app; sourceTree = BUILT_PRODUCTS_DIR; };
		90946F3A1CB9103700DB2D14 /* AppDelegate.swift */ = {isa = PBXFileReference; lastKnownFileType = sourcecode.swift; path = AppDelegate.swift; sourceTree = "<group>"; };
		90946F3C1CB9103700DB2D14 /* BooksViewController.swift */ = {isa = PBXFileReference; lastKnownFileType = sourcecode.swift; path = BooksViewController.swift; sourceTree = "<group>"; };
		90946F3F1CB9103700DB2D14 /* Base */ = {isa = PBXFileReference; lastKnownFileType = file.storyboard; name = Base; path = Base.lproj/Main.storyboard; sourceTree = "<group>"; };
		90946F421CB9103700DB2D14 /* HackaTheon.xcdatamodel */ = {isa = PBXFileReference; lastKnownFileType = wrapper.xcdatamodel; path = HackaTheon.xcdatamodel; sourceTree = "<group>"; };
		90946F441CB9103700DB2D14 /* Assets.xcassets */ = {isa = PBXFileReference; lastKnownFileType = folder.assetcatalog; path = Assets.xcassets; sourceTree = "<group>"; };
		90946F471CB9103700DB2D14 /* Base */ = {isa = PBXFileReference; lastKnownFileType = file.storyboard; name = Base; path = Base.lproj/LaunchScreen.storyboard; sourceTree = "<group>"; };
		90946F491CB9103700DB2D14 /* Info.plist */ = {isa = PBXFileReference; lastKnownFileType = text.plist.xml; path = Info.plist; sourceTree = "<group>"; };
		90946F4F1CB927B400DB2D14 /* Song.swift */ = {isa = PBXFileReference; fileEncoding = 4; lastKnownFileType = sourcecode.swift; name = Song.swift; path = Code/Model/Song.swift; sourceTree = "<group>"; };
		90946F531CB927CE00DB2D14 /* List.swift */ = {isa = PBXFileReference; fileEncoding = 4; lastKnownFileType = sourcecode.swift; name = List.swift; path = Code/Model/List.swift; sourceTree = "<group>"; };
		90946F551CB927E500DB2D14 /* Group.swift */ = {isa = PBXFileReference; fileEncoding = 4; lastKnownFileType = sourcecode.swift; name = Group.swift; path = Code/Model/Group.swift; sourceTree = "<group>"; };
		90946F571CB929A600DB2D14 /* ListViewController.swift */ = {isa = PBXFileReference; fileEncoding = 4; lastKnownFileType = sourcecode.swift; name = ListViewController.swift; path = Code/Controllers/ListViewController.swift; sourceTree = "<group>"; };
		90946F5A1CB92B2800DB2D14 /* ListCollectionViewCell.swift */ = {isa = PBXFileReference; fileEncoding = 4; lastKnownFileType = sourcecode.swift; name = ListCollectionViewCell.swift; path = Code/Views/Cells/ListCollectionViewCell.swift; sourceTree = "<group>"; };
		90946F5F1CB956AD00DB2D14 /* HackaTheon-Bridging-Header.h */ = {isa = PBXFileReference; lastKnownFileType = sourcecode.c.h; path = "HackaTheon-Bridging-Header.h"; sourceTree = "<group>"; };
		90D851D11CB95FDF0089E151 /* PhoneCardsCollectionViewLayout.h */ = {isa = PBXFileReference; fileEncoding = 4; lastKnownFileType = sourcecode.c.h; name = PhoneCardsCollectionViewLayout.h; path = Code/Utils/Layouts/PhoneCardsCollectionViewLayout.h; sourceTree = "<group>"; };
		90D851D21CB95FDF0089E151 /* PhoneCardsCollectionViewLayout.m */ = {isa = PBXFileReference; fileEncoding = 4; lastKnownFileType = sourcecode.c.objc; name = PhoneCardsCollectionViewLayout.m; path = Code/Utils/Layouts/PhoneCardsCollectionViewLayout.m; sourceTree = "<group>"; };
		90D851D41CB96BD80089E151 /* SongViewController.swift */ = {isa = PBXFileReference; fileEncoding = 4; lastKnownFileType = sourcecode.swift; name = SongViewController.swift; path = Code/Controllers/SongViewController.swift; sourceTree = "<group>"; };
/* End PBXFileReference section */

/* Begin PBXFrameworksBuildPhase section */
		90946F341CB9103700DB2D14 /* Frameworks */ = {
			isa = PBXFrameworksBuildPhase;
			buildActionMask = 2147483647;
			files = (
			);
			runOnlyForDeploymentPostprocessing = 0;
		};
/* End PBXFrameworksBuildPhase section */

/* Begin PBXGroup section */
		90946F2E1CB9103700DB2D14 = {
			isa = PBXGroup;
			children = (
				90946F391CB9103700DB2D14 /* HackaTheon */,
				90946F381CB9103700DB2D14 /* Products */,
			);
			sourceTree = "<group>";
		};
		90946F381CB9103700DB2D14 /* Products */ = {
			isa = PBXGroup;
			children = (
				90946F371CB9103700DB2D14 /* HackaTheon.app */,
			);
			name = Products;
			sourceTree = "<group>";
		};
		90946F391CB9103700DB2D14 /* HackaTheon */ = {
			isa = PBXGroup;
			children = (
				90946F511CB927B600DB2D14 /* Code */,
				90946F3E1CB9103700DB2D14 /* Main.storyboard */,
				90946F441CB9103700DB2D14 /* Assets.xcassets */,
				90946F461CB9103700DB2D14 /* LaunchScreen.storyboard */,
				90946F491CB9103700DB2D14 /* Info.plist */,
				90946F411CB9103700DB2D14 /* HackaTheon.xcdatamodeld */,
			);
			path = HackaTheon;
			sourceTree = "<group>";
		};
		90946F511CB927B600DB2D14 /* Code */ = {
			isa = PBXGroup;
			children = (
				90946F3A1CB9103700DB2D14 /* AppDelegate.swift */,
				90946F631CB956B200DB2D14 /* Utils */,
				90946F5C1CB92B2B00DB2D14 /* Views */,
				90946F591CB929AB00DB2D14 /* Controllers */,
				90946F521CB927BB00DB2D14 /* Model */,
				90946F5F1CB956AD00DB2D14 /* HackaTheon-Bridging-Header.h */,
			);
			name = Code;
			sourceTree = "<group>";
		};
		90946F521CB927BB00DB2D14 /* Model */ = {
			isa = PBXGroup;
			children = (
				90946F4F1CB927B400DB2D14 /* Song.swift */,
				90946F531CB927CE00DB2D14 /* List.swift */,
				90946F551CB927E500DB2D14 /* Group.swift */,
			);
			name = Model;
			sourceTree = "<group>";
		};
		90946F591CB929AB00DB2D14 /* Controllers */ = {
			isa = PBXGroup;
			children = (
				90946F3C1CB9103700DB2D14 /* BooksViewController.swift */,
				90946F571CB929A600DB2D14 /* ListViewController.swift */,
				90D851D41CB96BD80089E151 /* SongViewController.swift */,
			);
			name = Controllers;
			sourceTree = "<group>";
		};
		90946F5C1CB92B2B00DB2D14 /* Views */ = {
			isa = PBXGroup;
			children = (
				90946F5D1CB92B3000DB2D14 /* Cells */,
			);
			name = Views;
			sourceTree = "<group>";
		};
		90946F5D1CB92B3000DB2D14 /* Cells */ = {
			isa = PBXGroup;
			children = (
				90946F5A1CB92B2800DB2D14 /* ListCollectionViewCell.swift */,
			);
			name = Cells;
			sourceTree = "<group>";
		};
		90946F631CB956B200DB2D14 /* Utils */ = {
			isa = PBXGroup;
			children = (
				90946F641CB956B600DB2D14 /* Layouts */,
			);
			name = Utils;
			sourceTree = "<group>";
		};
		90946F641CB956B600DB2D14 /* Layouts */ = {
			isa = PBXGroup;
			children = (
				90D851D11CB95FDF0089E151 /* PhoneCardsCollectionViewLayout.h */,
				90D851D21CB95FDF0089E151 /* PhoneCardsCollectionViewLayout.m */,
			);
			name = Layouts;
			sourceTree = "<group>";
		};
/* End PBXGroup section */

/* Begin PBXNativeTarget section */
		90946F361CB9103700DB2D14 /* HackaTheon */ = {
			isa = PBXNativeTarget;
			buildConfigurationList = 90946F4C1CB9103700DB2D14 /* Build configuration list for PBXNativeTarget "HackaTheon" */;
			buildPhases = (
				90946F331CB9103700DB2D14 /* Sources */,
				90946F341CB9103700DB2D14 /* Frameworks */,
				90946F351CB9103700DB2D14 /* Resources */,
			);
			buildRules = (
			);
			dependencies = (
			);
			name = HackaTheon;
			productName = HackaTheon;
			productReference = 90946F371CB9103700DB2D14 /* HackaTheon.app */;
			productType = "com.apple.product-type.application";
		};
/* End PBXNativeTarget section */

/* Begin PBXProject section */
		90946F2F1CB9103700DB2D14 /* Project object */ = {
			isa = PBXProject;
			attributes = {
				LastSwiftUpdateCheck = 0730;
				LastUpgradeCheck = 0730;
				ORGANIZATIONNAME = "Michal Smialko";
				TargetAttributes = {
					90946F361CB9103700DB2D14 = {
						CreatedOnToolsVersion = 7.3;
					};
				};
			};
			buildConfigurationList = 90946F321CB9103700DB2D14 /* Build configuration list for PBXProject "HackaTheon" */;
			compatibilityVersion = "Xcode 3.2";
			developmentRegion = English;
			hasScannedForEncodings = 0;
			knownRegions = (
				en,
				Base,
			);
			mainGroup = 90946F2E1CB9103700DB2D14;
			productRefGroup = 90946F381CB9103700DB2D14 /* Products */;
			projectDirPath = "";
			projectRoot = "";
			targets = (
				90946F361CB9103700DB2D14 /* HackaTheon */,
			);
		};
/* End PBXProject section */

/* Begin PBXResourcesBuildPhase section */
		90946F351CB9103700DB2D14 /* Resources */ = {
			isa = PBXResourcesBuildPhase;
			buildActionMask = 2147483647;
			files = (
				90946F481CB9103700DB2D14 /* LaunchScreen.storyboard in Resources */,
				90946F451CB9103700DB2D14 /* Assets.xcassets in Resources */,
				90946F401CB9103700DB2D14 /* Main.storyboard in Resources */,
			);
			runOnlyForDeploymentPostprocessing = 0;
		};
/* End PBXResourcesBuildPhase section */

/* Begin PBXSourcesBuildPhase section */
		90946F331CB9103700DB2D14 /* Sources */ = {
			isa = PBXSourcesBuildPhase;
			buildActionMask = 2147483647;
			files = (
				90946F501CB927B400DB2D14 /* Song.swift in Sources */,
				90946F431CB9103700DB2D14 /* HackaTheon.xcdatamodeld in Sources */,
				90946F5B1CB92B2800DB2D14 /* ListCollectionViewCell.swift in Sources */,
				90946F3D1CB9103700DB2D14 /* BooksViewController.swift in Sources */,
				90D851D31CB95FDF0089E151 /* PhoneCardsCollectionViewLayout.m in Sources */,
				90946F561CB927E500DB2D14 /* Group.swift in Sources */,
				90946F541CB927CE00DB2D14 /* List.swift in Sources */,
				90D851D51CB96BD80089E151 /* SongViewController.swift in Sources */,
				90946F3B1CB9103700DB2D14 /* AppDelegate.swift in Sources */,
				90946F581CB929A600DB2D14 /* ListViewController.swift in Sources */,
			);
			runOnlyForDeploymentPostprocessing = 0;
		};
/* End PBXSourcesBuildPhase section */

/* Begin PBXVariantGroup section */
		90946F3E1CB9103700DB2D14 /* Main.storyboard */ = {
			isa = PBXVariantGroup;
			children = (
				90946F3F1CB9103700DB2D14 /* Base */,
			);
			name = Main.storyboard;
			sourceTree = "<group>";
		};
		90946F461CB9103700DB2D14 /* LaunchScreen.storyboard */ = {
			isa = PBXVariantGroup;
			children = (
				90946F471CB9103700DB2D14 /* Base */,
			);
			name = LaunchScreen.storyboard;
			sourceTree = "<group>";
		};
/* End PBXVariantGroup section */

/* Begin XCBuildConfiguration section */
		90946F4A1CB9103700DB2D14 /* Debug */ = {
			isa = XCBuildConfiguration;
			buildSettings = {
				ALWAYS_SEARCH_USER_PATHS = NO;
				CLANG_ANALYZER_NONNULL = YES;
				CLANG_CXX_LANGUAGE_STANDARD = "gnu++0x";
				CLANG_CXX_LIBRARY = "libc++";
				CLANG_ENABLE_MODULES = YES;
				CLANG_ENABLE_OBJC_ARC = YES;
				CLANG_WARN_BOOL_CONVERSION = YES;
				CLANG_WARN_CONSTANT_CONVERSION = YES;
				CLANG_WARN_DIRECT_OBJC_ISA_USAGE = YES_ERROR;
				CLANG_WARN_EMPTY_BODY = YES;
				CLANG_WARN_ENUM_CONVERSION = YES;
				CLANG_WARN_INT_CONVERSION = YES;
				CLANG_WARN_OBJC_ROOT_CLASS = YES_ERROR;
				CLANG_WARN_UNREACHABLE_CODE = YES;
				CLANG_WARN__DUPLICATE_METHOD_MATCH = YES;
				"CODE_SIGN_IDENTITY[sdk=iphoneos*]" = "iPhone Developer";
				COPY_PHASE_STRIP = NO;
				DEBUG_INFORMATION_FORMAT = dwarf;
				ENABLE_STRICT_OBJC_MSGSEND = YES;
				ENABLE_TESTABILITY = YES;
				GCC_C_LANGUAGE_STANDARD = gnu99;
				GCC_DYNAMIC_NO_PIC = NO;
				GCC_NO_COMMON_BLOCKS = YES;
				GCC_OPTIMIZATION_LEVEL = 0;
				GCC_PREPROCESSOR_DEFINITIONS = (
					"DEBUG=1",
					"$(inherited)",
				);
				GCC_WARN_64_TO_32_BIT_CONVERSION = YES;
				GCC_WARN_ABOUT_RETURN_TYPE = YES_ERROR;
				GCC_WARN_UNDECLARED_SELECTOR = YES;
				GCC_WARN_UNINITIALIZED_AUTOS = YES_AGGRESSIVE;
				GCC_WARN_UNUSED_FUNCTION = YES;
				GCC_WARN_UNUSED_VARIABLE = YES;
				IPHONEOS_DEPLOYMENT_TARGET = 9.3;
				MTL_ENABLE_DEBUG_INFO = YES;
				ONLY_ACTIVE_ARCH = YES;
				SDKROOT = iphoneos;
				SWIFT_OPTIMIZATION_LEVEL = "-Onone";
			};
			name = Debug;
		};
		90946F4B1CB9103700DB2D14 /* Release */ = {
			isa = XCBuildConfiguration;
			buildSettings = {
				ALWAYS_SEARCH_USER_PATHS = NO;
				CLANG_ANALYZER_NONNULL = YES;
				CLANG_CXX_LANGUAGE_STANDARD = "gnu++0x";
				CLANG_CXX_LIBRARY = "libc++";
				CLANG_ENABLE_MODULES = YES;
				CLANG_ENABLE_OBJC_ARC = YES;
				CLANG_WARN_BOOL_CONVERSION = YES;
				CLANG_WARN_CONSTANT_CONVERSION = YES;
				CLANG_WARN_DIRECT_OBJC_ISA_USAGE = YES_ERROR;
				CLANG_WARN_EMPTY_BODY = YES;
				CLANG_WARN_ENUM_CONVERSION = YES;
				CLANG_WARN_INT_CONVERSION = YES;
				CLANG_WARN_OBJC_ROOT_CLASS = YES_ERROR;
				CLANG_WARN_UNREACHABLE_CODE = YES;
				CLANG_WARN__DUPLICATE_METHOD_MATCH = YES;
				"CODE_SIGN_IDENTITY[sdk=iphoneos*]" = "iPhone Developer";
				COPY_PHASE_STRIP = NO;
				DEBUG_INFORMATION_FORMAT = "dwarf-with-dsym";
				ENABLE_NS_ASSERTIONS = NO;
				ENABLE_STRICT_OBJC_MSGSEND = YES;
				GCC_C_LANGUAGE_STANDARD = gnu99;
				GCC_NO_COMMON_BLOCKS = YES;
				GCC_WARN_64_TO_32_BIT_CONVERSION = YES;
				GCC_WARN_ABOUT_RETURN_TYPE = YES_ERROR;
				GCC_WARN_UNDECLARED_SELECTOR = YES;
				GCC_WARN_UNINITIALIZED_AUTOS = YES_AGGRESSIVE;
				GCC_WARN_UNUSED_FUNCTION = YES;
				GCC_WARN_UNUSED_VARIABLE = YES;
				IPHONEOS_DEPLOYMENT_TARGET = 9.3;
				MTL_ENABLE_DEBUG_INFO = NO;
				SDKROOT = iphoneos;
				VALIDATE_PRODUCT = YES;
			};
			name = Release;
		};
		90946F4D1CB9103700DB2D14 /* Debug */ = {
			isa = XCBuildConfiguration;
			buildSettings = {
				ASSETCATALOG_COMPILER_APPICON_NAME = AppIcon;
				CLANG_ENABLE_MODULES = YES;
				INFOPLIST_FILE = HackaTheon/Info.plist;
				LD_RUNPATH_SEARCH_PATHS = "$(inherited) @executable_path/Frameworks";
				PRODUCT_BUNDLE_IDENTIFIER = com.smialko.HackaTheon;
				PRODUCT_NAME = "$(TARGET_NAME)";
				SWIFT_OBJC_BRIDGING_HEADER = "HackaTheon/HackaTheon-Bridging-Header.h";
				SWIFT_OPTIMIZATION_LEVEL = "-Onone";
			};
			name = Debug;
		};
		90946F4E1CB9103700DB2D14 /* Release */ = {
			isa = XCBuildConfiguration;
			buildSettings = {
				ASSETCATALOG_COMPILER_APPICON_NAME = AppIcon;
				CLANG_ENABLE_MODULES = YES;
				INFOPLIST_FILE = HackaTheon/Info.plist;
				LD_RUNPATH_SEARCH_PATHS = "$(inherited) @executable_path/Frameworks";
				PRODUCT_BUNDLE_IDENTIFIER = com.smialko.HackaTheon;
				PRODUCT_NAME = "$(TARGET_NAME)";
				SWIFT_OBJC_BRIDGING_HEADER = "HackaTheon/HackaTheon-Bridging-Header.h";
			};
			name = Release;
		};
/* End XCBuildConfiguration section */

/* Begin XCConfigurationList section */
		90946F321CB9103700DB2D14 /* Build configuration list for PBXProject "HackaTheon" */ = {
			isa = XCConfigurationList;
			buildConfigurations = (
				90946F4A1CB9103700DB2D14 /* Debug */,
				90946F4B1CB9103700DB2D14 /* Release */,
			);
			defaultConfigurationIsVisible = 0;
			defaultConfigurationName = Release;
		};
		90946F4C1CB9103700DB2D14 /* Build configuration list for PBXNativeTarget "HackaTheon" */ = {
			isa = XCConfigurationList;
			buildConfigurations = (
				90946F4D1CB9103700DB2D14 /* Debug */,
				90946F4E1CB9103700DB2D14 /* Release */,
			);
			defaultConfigurationIsVisible = 0;
			defaultConfigurationName = Release;
		};
/* End XCConfigurationList section */

/* Begin XCVersionGroup section */
		90946F411CB9103700DB2D14 /* HackaTheon.xcdatamodeld */ = {
			isa = XCVersionGroup;
			children = (
				90946F421CB9103700DB2D14 /* HackaTheon.xcdatamodel */,
			);
			currentVersion = 90946F421CB9103700DB2D14 /* HackaTheon.xcdatamodel */;
			path = HackaTheon.xcdatamodeld;
			sourceTree = "<group>";
			versionGroupType = wrapper.xcdatamodel;
		};
/* End XCVersionGroup section */
	};
	rootObject = 90946F2F1CB9103700DB2D14 /* Project object */;
}
