// !$*UTF8*$!
{
	archiveVersion = 1;
	classes = {
	};
	objectVersion = 46;
	objects = {

/* Begin PBXBuildFile section */
		90946F3B1CB9103700DB2D14 /* AppDelegate.swift in Sources */ = {isa = PBXBuildFile; fileRef = 90946F3A1CB9103700DB2D14 /* AppDelegate.swift */; };
		90946F3D1CB9103700DB2D14 /* BooksViewController.swift in Sources */ = {isa = PBXBuildFile; fileRef = 90946F3C1CB9103700DB2D14 /* BooksViewController.swift */; };
		90946F401CB9103700DB2D14 /* Main.storyboard in Resources */ = {isa = PBXBuildFile; fileRef = 90946F3E1CB9103700DB2D14 /* Main.storyboard */; };
		90946F431CB9103700DB2D14 /* HackaTheon.xcdatamodeld in Sources */ = {isa = PBXBuildFile; fileRef = 90946F411CB9103700DB2D14 /* HackaTheon.xcdatamodeld */; };
		90946F451CB9103700DB2D14 /* Assets.xcassets in Resources */ = {isa = PBXBuildFile; fileRef = 90946F441CB9103700DB2D14 /* Assets.xcassets */; };
		90946F481CB9103700DB2D14 /* LaunchScreen.storyboard in Resources */ = {isa = PBXBuildFile; fileRef = 90946F461CB9103700DB2D14 /* LaunchScreen.storyboard */; };
		90946F501CB927B400DB2D14 /* Song.swift in Sources */ = {isa = PBXBuildFile; fileRef = 90946F4F1CB927B400DB2D14 /* Song.swift */; };
		90946F541CB927CE00DB2D14 /* List.swift in Sources */ = {isa = PBXBuildFile; fileRef = 90946F531CB927CE00DB2D14 /* List.swift */; };
		90946F561CB927E500DB2D14 /* Group.swift in Sources */ = {isa = PBXBuildFile; fileRef = 90946F551CB927E500DB2D14 /* Group.swift */; };
		90946F581CB929A600DB2D14 /* ListViewController.swift in Sources */ = {isa = PBXBuildFile; fileRef = 90946F571CB929A600DB2D14 /* ListViewController.swift */; };
		90946F5B1CB92B2800DB2D14 /* ListCollectionViewCell.swift in Sources */ = {isa = PBXBuildFile; fileRef = 90946F5A1CB92B2800DB2D14 /* ListCollectionViewCell.swift */; };
		90D851D31CB95FDF0089E151 /* PhoneCardsCollectionViewLayout.m in Sources */ = {isa = PBXBuildFile; fileRef = 90D851D21CB95FDF0089E151 /* PhoneCardsCollectionViewLayout.m */; };
		90D851D51CB96BD80089E151 /* SongViewController.swift in Sources */ = {isa = PBXBuildFile; fileRef = 90D851D41CB96BD80089E151 /* SongViewController.swift */; };
		90D851E11CB9714D0089E151 /* DSFacialGesture.m in Sources */ = {isa = PBXBuildFile; fileRef = 90D851D81CB9714D0089E151 /* DSFacialGesture.m */; };
		90D851E21CB9714D0089E151 /* DSFacialGestureAggregator.m in Sources */ = {isa = PBXBuildFile; fileRef = 90D851DA1CB9714D0089E151 /* DSFacialGestureAggregator.m */; };
		90D851E31CB9714D0089E151 /* DSFacialGestureCameraCapturer.m in Sources */ = {isa = PBXBuildFile; fileRef = 90D851DC1CB9714D0089E151 /* DSFacialGestureCameraCapturer.m */; };
		90D851E41CB9714D0089E151 /* DSFacialGesturesDetector.m in Sources */ = {isa = PBXBuildFile; fileRef = 90D851DE1CB9714D0089E151 /* DSFacialGesturesDetector.m */; };
		90D851E51CB9714D0089E151 /* UIDevice+ExifOrientation.m in Sources */ = {isa = PBXBuildFile; fileRef = 90D851E01CB9714D0089E151 /* UIDevice+ExifOrientation.m */; };
		90D851E81CB97F160089E151 /* ChordsViewController.swift in Sources */ = {isa = PBXBuildFile; fileRef = 90D851E71CB97F160089E151 /* ChordsViewController.swift */; };
		90D851EA1CB97F270089E151 /* NotesViewController.swift in Sources */ = {isa = PBXBuildFile; fileRef = 90D851E91CB97F270089E151 /* NotesViewController.swift */; };
		90D851EC1CB983D70089E151 /* ChordTableViewCell.swift in Sources */ = {isa = PBXBuildFile; fileRef = 90D851EB1CB983D70089E151 /* ChordTableViewCell.swift */; };
		90D851EE1CB989CC0089E151 /* CardTransition.swift in Sources */ = {isa = PBXBuildFile; fileRef = 90D851ED1CB989CC0089E151 /* CardTransition.swift */; };
		90D851F21CB9A75C0089E151 /* SongTableViewCell.swift in Sources */ = {isa = PBXBuildFile; fileRef = 90D851F11CB9A75C0089E151 /* SongTableViewCell.swift */; };
		90D851F41CB9ACE20089E151 /* KaraokeViewController.swift in Sources */ = {isa = PBXBuildFile; fileRef = 90D851F31CB9ACE20089E151 /* KaraokeViewController.swift */; };
		90D852281CB9B04F0089E151 /* LTMorphingLabel.framework in Frameworks */ = {isa = PBXBuildFile; fileRef = 90D852231CB9AF810089E151 /* LTMorphingLabel.framework */; };
		90D852291CB9B04F0089E151 /* LTMorphingLabel.framework in Embed Frameworks */ = {isa = PBXBuildFile; fileRef = 90D852231CB9AF810089E151 /* LTMorphingLabel.framework */; settings = {ATTRIBUTES = (CodeSignOnCopy, RemoveHeadersOnCopy, ); }; };
/* End PBXBuildFile section */

/* Begin PBXContainerItemProxy section */
		90D852201CB9AF810089E151 /* PBXContainerItemProxy */ = {
			isa = PBXContainerItemProxy;
			containerPortal = 90D8521A1CB9AF810089E151 /* LTMorphingLabelDemo.xcodeproj */;
			proxyType = 2;
			remoteGlobalIDString = D74AD96E195171E7009A2ACD;
			remoteInfo = LTMorphingLabelDemo;
		};
		90D852221CB9AF810089E151 /* PBXContainerItemProxy */ = {
			isa = PBXContainerItemProxy;
			containerPortal = 90D8521A1CB9AF810089E151 /* LTMorphingLabelDemo.xcodeproj */;
			proxyType = 2;
			remoteGlobalIDString = D7D4B01F1A5E87D50087F83D;
			remoteInfo = LTMorphingLabel;
		};
		90D852241CB9AF810089E151 /* PBXContainerItemProxy */ = {
			isa = PBXContainerItemProxy;
			containerPortal = 90D8521A1CB9AF810089E151 /* LTMorphingLabelDemo.xcodeproj */;
			proxyType = 2;
			remoteGlobalIDString = D7934DC61A63AF1100AE04CE;
			remoteInfo = LTMorphingLabelTests;
		};
		90D852261CB9AF8E0089E151 /* PBXContainerItemProxy */ = {
			isa = PBXContainerItemProxy;
			containerPortal = 90D8521A1CB9AF810089E151 /* LTMorphingLabelDemo.xcodeproj */;
			proxyType = 1;
			remoteGlobalIDString = D7D4B01E1A5E87D50087F83D;
			remoteInfo = LTMorphingLabel;
		};
		90D8522A1CB9B04F0089E151 /* PBXContainerItemProxy */ = {
			isa = PBXContainerItemProxy;
			containerPortal = 90D8521A1CB9AF810089E151 /* LTMorphingLabelDemo.xcodeproj */;
			proxyType = 1;
			remoteGlobalIDString = D7D4B01E1A5E87D50087F83D;
			remoteInfo = LTMorphingLabel;
		};
/* End PBXContainerItemProxy section */

/* Begin PBXCopyFilesBuildPhase section */
		90D8522C1CB9B04F0089E151 /* Embed Frameworks */ = {
			isa = PBXCopyFilesBuildPhase;
			buildActionMask = 2147483647;
			dstPath = "";
			dstSubfolderSpec = 10;
			files = (
				90D852291CB9B04F0089E151 /* LTMorphingLabel.framework in Embed Frameworks */,
			);
			name = "Embed Frameworks";
			runOnlyForDeploymentPostprocessing = 0;
		};
/* End PBXCopyFilesBuildPhase section */

/* Begin PBXFileReference section */
		90946F371CB9103700DB2D14 /* HackaTheon.app */ = {isa = PBXFileReference; explicitFileType = wrapper.application; includeInIndex = 0; path = HackaTheon.app; sourceTree = BUILT_PRODUCTS_DIR; };
		90946F3A1CB9103700DB2D14 /* AppDelegate.swift */ = {isa = PBXFileReference; lastKnownFileType = sourcecode.swift; path = AppDelegate.swift; sourceTree = "<group>"; };
		90946F3C1CB9103700DB2D14 /* BooksViewController.swift */ = {isa = PBXFileReference; lastKnownFileType = sourcecode.swift; path = BooksViewController.swift; sourceTree = "<group>"; };
		90946F3F1CB9103700DB2D14 /* Base */ = {isa = PBXFileReference; lastKnownFileType = file.storyboard; name = Base; path = Base.lproj/Main.storyboard; sourceTree = "<group>"; };
		90946F421CB9103700DB2D14 /* HackaTheon.xcdatamodel */ = {isa = PBXFileReference; lastKnownFileType = wrapper.xcdatamodel; path = HackaTheon.xcdatamodel; sourceTree = "<group>"; };
		90946F441CB9103700DB2D14 /* Assets.xcassets */ = {isa = PBXFileReference; lastKnownFileType = folder.assetcatalog; path = Assets.xcassets; sourceTree = "<group>"; };
		90946F471CB9103700DB2D14 /* Base */ = {isa = PBXFileReference; lastKnownFileType = file.storyboard; name = Base; path = Base.lproj/LaunchScreen.storyboard; sourceTree = "<group>"; };
		90946F491CB9103700DB2D14 /* Info.plist */ = {isa = PBXFileReference; lastKnownFileType = text.plist.xml; path = Info.plist; sourceTree = "<group>"; };
		90946F4F1CB927B400DB2D14 /* Song.swift */ = {isa = PBXFileReference; fileEncoding = 4; lastKnownFileType = sourcecode.swift; name = Song.swift; path = Code/Model/Song.swift; sourceTree = "<group>"; };
		90946F531CB927CE00DB2D14 /* List.swift */ = {isa = PBXFileReference; fileEncoding = 4; lastKnownFileType = sourcecode.swift; name = List.swift; path = Code/Model/List.swift; sourceTree = "<group>"; };
		90946F551CB927E500DB2D14 /* Group.swift */ = {isa = PBXFileReference; fileEncoding = 4; lastKnownFileType = sourcecode.swift; name = Group.swift; path = Code/Model/Group.swift; sourceTree = "<group>"; };
		90946F571CB929A600DB2D14 /* ListViewController.swift */ = {isa = PBXFileReference; fileEncoding = 4; lastKnownFileType = sourcecode.swift; name = ListViewController.swift; path = Code/Controllers/ListViewController.swift; sourceTree = "<group>"; };
		90946F5A1CB92B2800DB2D14 /* ListCollectionViewCell.swift */ = {isa = PBXFileReference; fileEncoding = 4; lastKnownFileType = sourcecode.swift; name = ListCollectionViewCell.swift; path = Code/Views/Cells/ListCollectionViewCell.swift; sourceTree = "<group>"; };
		90946F5F1CB956AD00DB2D14 /* HackaTheon-Bridging-Header.h */ = {isa = PBXFileReference; lastKnownFileType = sourcecode.c.h; path = "HackaTheon-Bridging-Header.h"; sourceTree = "<group>"; };
		90D851D11CB95FDF0089E151 /* PhoneCardsCollectionViewLayout.h */ = {isa = PBXFileReference; fileEncoding = 4; lastKnownFileType = sourcecode.c.h; name = PhoneCardsCollectionViewLayout.h; path = Code/Utils/Layouts/PhoneCardsCollectionViewLayout.h; sourceTree = "<group>"; };
		90D851D21CB95FDF0089E151 /* PhoneCardsCollectionViewLayout.m */ = {isa = PBXFileReference; fileEncoding = 4; lastKnownFileType = sourcecode.c.objc; name = PhoneCardsCollectionViewLayout.m; path = Code/Utils/Layouts/PhoneCardsCollectionViewLayout.m; sourceTree = "<group>"; };
		90D851D41CB96BD80089E151 /* SongViewController.swift */ = {isa = PBXFileReference; fileEncoding = 4; lastKnownFileType = sourcecode.swift; name = SongViewController.swift; path = Code/Controllers/SongViewController.swift; sourceTree = "<group>"; };
		90D851D71CB9714D0089E151 /* DSFacialGesture.h */ = {isa = PBXFileReference; fileEncoding = 4; lastKnownFileType = sourcecode.c.h; path = DSFacialGesture.h; sourceTree = "<group>"; };
		90D851D81CB9714D0089E151 /* DSFacialGesture.m */ = {isa = PBXFileReference; fileEncoding = 4; lastKnownFileType = sourcecode.c.objc; path = DSFacialGesture.m; sourceTree = "<group>"; };
		90D851D91CB9714D0089E151 /* DSFacialGestureAggregator.h */ = {isa = PBXFileReference; fileEncoding = 4; lastKnownFileType = sourcecode.c.h; path = DSFacialGestureAggregator.h; sourceTree = "<group>"; };
		90D851DA1CB9714D0089E151 /* DSFacialGestureAggregator.m */ = {isa = PBXFileReference; fileEncoding = 4; lastKnownFileType = sourcecode.c.objc; path = DSFacialGestureAggregator.m; sourceTree = "<group>"; };
		90D851DB1CB9714D0089E151 /* DSFacialGestureCameraCapturer.h */ = {isa = PBXFileReference; fileEncoding = 4; lastKnownFileType = sourcecode.c.h; path = DSFacialGestureCameraCapturer.h; sourceTree = "<group>"; };
		90D851DC1CB9714D0089E151 /* DSFacialGestureCameraCapturer.m */ = {isa = PBXFileReference; fileEncoding = 4; lastKnownFileType = sourcecode.c.objc; path = DSFacialGestureCameraCapturer.m; sourceTree = "<group>"; };
		90D851DD1CB9714D0089E151 /* DSFacialGesturesDetector.h */ = {isa = PBXFileReference; fileEncoding = 4; lastKnownFileType = sourcecode.c.h; path = DSFacialGesturesDetector.h; sourceTree = "<group>"; };
		90D851DE1CB9714D0089E151 /* DSFacialGesturesDetector.m */ = {isa = PBXFileReference; fileEncoding = 4; lastKnownFileType = sourcecode.c.objc; path = DSFacialGesturesDetector.m; sourceTree = "<group>"; };
		90D851DF1CB9714D0089E151 /* UIDevice+ExifOrientation.h */ = {isa = PBXFileReference; fileEncoding = 4; lastKnownFileType = sourcecode.c.h; path = "UIDevice+ExifOrientation.h"; sourceTree = "<group>"; };
		90D851E01CB9714D0089E151 /* UIDevice+ExifOrientation.m */ = {isa = PBXFileReference; fileEncoding = 4; lastKnownFileType = sourcecode.c.objc; path = "UIDevice+ExifOrientation.m"; sourceTree = "<group>"; };
		90D851E71CB97F160089E151 /* ChordsViewController.swift */ = {isa = PBXFileReference; fileEncoding = 4; lastKnownFileType = sourcecode.swift; name = ChordsViewController.swift; path = Code/Controllers/ChordsViewController.swift; sourceTree = "<group>"; };
		90D851E91CB97F270089E151 /* NotesViewController.swift */ = {isa = PBXFileReference; fileEncoding = 4; lastKnownFileType = sourcecode.swift; name = NotesViewController.swift; path = Code/Controllers/NotesViewController.swift; sourceTree = "<group>"; };
		90D851EB1CB983D70089E151 /* ChordTableViewCell.swift */ = {isa = PBXFileReference; fileEncoding = 4; lastKnownFileType = sourcecode.swift; name = ChordTableViewCell.swift; path = Code/Views/Cells/ChordTableViewCell.swift; sourceTree = "<group>"; };
		90D851ED1CB989CC0089E151 /* CardTransition.swift */ = {isa = PBXFileReference; fileEncoding = 4; lastKnownFileType = sourcecode.swift; name = CardTransition.swift; path = Code/Utils/Transitions/CardTransition.swift; sourceTree = "<group>"; };
		90D851F11CB9A75C0089E151 /* SongTableViewCell.swift */ = {isa = PBXFileReference; fileEncoding = 4; lastKnownFileType = sourcecode.swift; name = SongTableViewCell.swift; path = Code/Views/Cells/SongTableViewCell.swift; sourceTree = "<group>"; };
		90D851F31CB9ACE20089E151 /* KaraokeViewController.swift */ = {isa = PBXFileReference; fileEncoding = 4; lastKnownFileType = sourcecode.swift; name = KaraokeViewController.swift; path = Code/Controllers/KaraokeViewController.swift; sourceTree = "<group>"; };
		90D8521A1CB9AF810089E151 /* LTMorphingLabelDemo.xcodeproj */ = {isa = PBXFileReference; lastKnownFileType = "wrapper.pb-project"; name = LTMorphingLabelDemo.xcodeproj; path = Vendor/LTMorphingLabel/LTMorphingLabel/LTMorphingLabelDemo.xcodeproj; sourceTree = SOURCE_ROOT; };
/* End PBXFileReference section */

/* Begin PBXFrameworksBuildPhase section */
		90946F341CB9103700DB2D14 /* Frameworks */ = {
			isa = PBXFrameworksBuildPhase;
			buildActionMask = 2147483647;
			files = (
				90D852281CB9B04F0089E151 /* LTMorphingLabel.framework in Frameworks */,
			);
			runOnlyForDeploymentPostprocessing = 0;
		};
/* End PBXFrameworksBuildPhase section */

/* Begin PBXGroup section */
		90946F2E1CB9103700DB2D14 = {
			isa = PBXGroup;
			children = (
				90946F391CB9103700DB2D14 /* HackaTheon */,
				90946F381CB9103700DB2D14 /* Products */,
			);
			sourceTree = "<group>";
		};
		90946F381CB9103700DB2D14 /* Products */ = {
			isa = PBXGroup;
			children = (
				90946F371CB9103700DB2D14 /* HackaTheon.app */,
			);
			name = Products;
			sourceTree = "<group>";
		};
		90946F391CB9103700DB2D14 /* HackaTheon */ = {
			isa = PBXGroup;
			children = (
				90946F511CB927B600DB2D14 /* Code */,
				90D851E61CB971500089E151 /* Vendor */,
				90946F3E1CB9103700DB2D14 /* Main.storyboard */,
				90946F441CB9103700DB2D14 /* Assets.xcassets */,
				90946F461CB9103700DB2D14 /* LaunchScreen.storyboard */,
				90946F491CB9103700DB2D14 /* Info.plist */,
				90946F411CB9103700DB2D14 /* HackaTheon.xcdatamodeld */,
			);
			path = HackaTheon;
			sourceTree = "<group>";
		};
		90946F511CB927B600DB2D14 /* Code */ = {
			isa = PBXGroup;
			children = (
				90946F3A1CB9103700DB2D14 /* AppDelegate.swift */,
				90946F631CB956B200DB2D14 /* Utils */,
				90946F5C1CB92B2B00DB2D14 /* Views */,
				90946F591CB929AB00DB2D14 /* Controllers */,
				90946F521CB927BB00DB2D14 /* Model */,
				90946F5F1CB956AD00DB2D14 /* HackaTheon-Bridging-Header.h */,
			);
			name = Code;
			sourceTree = "<group>";
		};
		90946F521CB927BB00DB2D14 /* Model */ = {
			isa = PBXGroup;
			children = (
				90946F4F1CB927B400DB2D14 /* Song.swift */,
				90946F531CB927CE00DB2D14 /* List.swift */,
				90946F551CB927E500DB2D14 /* Group.swift */,
			);
			name = Model;
			sourceTree = "<group>";
		};
		90946F591CB929AB00DB2D14 /* Controllers */ = {
			isa = PBXGroup;
			children = (
				90946F3C1CB9103700DB2D14 /* BooksViewController.swift */,
				90946F571CB929A600DB2D14 /* ListViewController.swift */,
				90D851D41CB96BD80089E151 /* SongViewController.swift */,
				90D851E71CB97F160089E151 /* ChordsViewController.swift */,
				90D851E91CB97F270089E151 /* NotesViewController.swift */,
				90D851F31CB9ACE20089E151 /* KaraokeViewController.swift */,
			);
			name = Controllers;
			sourceTree = "<group>";
		};
		90946F5C1CB92B2B00DB2D14 /* Views */ = {
			isa = PBXGroup;
			children = (
				90946F5D1CB92B3000DB2D14 /* Cells */,
			);
			name = Views;
			sourceTree = "<group>";
		};
		90946F5D1CB92B3000DB2D14 /* Cells */ = {
			isa = PBXGroup;
			children = (
				90946F5A1CB92B2800DB2D14 /* ListCollectionViewCell.swift */,
				90D851EB1CB983D70089E151 /* ChordTableViewCell.swift */,
				90D851F11CB9A75C0089E151 /* SongTableViewCell.swift */,
			);
			name = Cells;
			sourceTree = "<group>";
		};
		90946F631CB956B200DB2D14 /* Utils */ = {
			isa = PBXGroup;
			children = (
				90946F641CB956B600DB2D14 /* Layouts */,
				90D851EF1CB989CF0089E151 /* Transitions */,
			);
			name = Utils;
			sourceTree = "<group>";
		};
		90946F641CB956B600DB2D14 /* Layouts */ = {
			isa = PBXGroup;
			children = (
				90D851D11CB95FDF0089E151 /* PhoneCardsCollectionViewLayout.h */,
				90D851D21CB95FDF0089E151 /* PhoneCardsCollectionViewLayout.m */,
			);
			name = Layouts;
			sourceTree = "<group>";
		};
		90D851D61CB9714D0089E151 /* Detector */ = {
			isa = PBXGroup;
			children = (
				90D851D71CB9714D0089E151 /* DSFacialGesture.h */,
				90D851D81CB9714D0089E151 /* DSFacialGesture.m */,
				90D851D91CB9714D0089E151 /* DSFacialGestureAggregator.h */,
				90D851DA1CB9714D0089E151 /* DSFacialGestureAggregator.m */,
				90D851DB1CB9714D0089E151 /* DSFacialGestureCameraCapturer.h */,
				90D851DC1CB9714D0089E151 /* DSFacialGestureCameraCapturer.m */,
				90D851DD1CB9714D0089E151 /* DSFacialGesturesDetector.h */,
				90D851DE1CB9714D0089E151 /* DSFacialGesturesDetector.m */,
				90D851DF1CB9714D0089E151 /* UIDevice+ExifOrientation.h */,
				90D851E01CB9714D0089E151 /* UIDevice+ExifOrientation.m */,
			);
			name = Detector;
			path = Vendor/Detector;
			sourceTree = SOURCE_ROOT;
		};
		90D851E61CB971500089E151 /* Vendor */ = {
			isa = PBXGroup;
			children = (
				90D8521A1CB9AF810089E151 /* LTMorphingLabelDemo.xcodeproj */,
				90D851D61CB9714D0089E151 /* Detector */,
			);
			name = Vendor;
			sourceTree = "<group>";
		};
		90D851EF1CB989CF0089E151 /* Transitions */ = {
			isa = PBXGroup;
			children = (
				90D851ED1CB989CC0089E151 /* CardTransition.swift */,
			);
			name = Transitions;
			sourceTree = "<group>";
		};
		90D8521B1CB9AF810089E151 /* Products */ = {
			isa = PBXGroup;
			children = (
				90D852211CB9AF810089E151 /* LTMorphingLabelDemo.app */,
				90D852231CB9AF810089E151 /* LTMorphingLabel.framework */,
				90D852251CB9AF810089E151 /* LTMorphingLabelTests.xctest */,
			);
			name = Products;
			sourceTree = "<group>";
		};
/* End PBXGroup section */

/* Begin PBXNativeTarget section */
		90946F361CB9103700DB2D14 /* HackaTheon */ = {
			isa = PBXNativeTarget;
			buildConfigurationList = 90946F4C1CB9103700DB2D14 /* Build configuration list for PBXNativeTarget "HackaTheon" */;
			buildPhases = (
				90946F331CB9103700DB2D14 /* Sources */,
				90946F341CB9103700DB2D14 /* Frameworks */,
				90946F351CB9103700DB2D14 /* Resources */,
				90D8522C1CB9B04F0089E151 /* Embed Frameworks */,
			);
			buildRules = (
			);
			dependencies = (
				90D852271CB9AF8E0089E151 /* PBXTargetDependency */,
				90D8522B1CB9B04F0089E151 /* PBXTargetDependency */,
			);
			name = HackaTheon;
			productName = HackaTheon;
			productReference = 90946F371CB9103700DB2D14 /* HackaTheon.app */;
			productType = "com.apple.product-type.application";
		};
/* End PBXNativeTarget section */

/* Begin PBXProject section */
		90946F2F1CB9103700DB2D14 /* Project object */ = {
			isa = PBXProject;
			attributes = {
				LastSwiftUpdateCheck = 0730;
				LastUpgradeCheck = 0730;
				ORGANIZATIONNAME = "Michal Smialko";
				TargetAttributes = {
					90946F361CB9103700DB2D14 = {
						CreatedOnToolsVersion = 7.3;
					};
				};
			};
			buildConfigurationList = 90946F321CB9103700DB2D14 /* Build configuration list for PBXProject "HackaTheon" */;
			compatibilityVersion = "Xcode 3.2";
			developmentRegion = English;
			hasScannedForEncodings = 0;
			knownRegions = (
				en,
				Base,
			);
			mainGroup = 90946F2E1CB9103700DB2D14;
			productRefGroup = 90946F381CB9103700DB2D14 /* Products */;
			projectDirPath = "";
			projectReferences = (
				{
					ProductGroup = 90D8521B1CB9AF810089E151 /* Products */;
					ProjectRef = 90D8521A1CB9AF810089E151 /* LTMorphingLabelDemo.xcodeproj */;
				},
			);
			projectRoot = "";
			targets = (
				90946F361CB9103700DB2D14 /* HackaTheon */,
			);
		};
/* End PBXProject section */

/* Begin PBXReferenceProxy section */
		90D852211CB9AF810089E151 /* LTMorphingLabelDemo.app */ = {
			isa = PBXReferenceProxy;
			fileType = wrapper.application;
			path = LTMorphingLabelDemo.app;
			remoteRef = 90D852201CB9AF810089E151 /* PBXContainerItemProxy */;
			sourceTree = BUILT_PRODUCTS_DIR;
		};
		90D852231CB9AF810089E151 /* LTMorphingLabel.framework */ = {
			isa = PBXReferenceProxy;
			fileType = wrapper.framework;
			path = LTMorphingLabel.framework;
			remoteRef = 90D852221CB9AF810089E151 /* PBXContainerItemProxy */;
			sourceTree = BUILT_PRODUCTS_DIR;
		};
		90D852251CB9AF810089E151 /* LTMorphingLabelTests.xctest */ = {
			isa = PBXReferenceProxy;
			fileType = wrapper.cfbundle;
			path = LTMorphingLabelTests.xctest;
			remoteRef = 90D852241CB9AF810089E151 /* PBXContainerItemProxy */;
			sourceTree = BUILT_PRODUCTS_DIR;
		};
/* End PBXReferenceProxy section */

/* Begin PBXResourcesBuildPhase section */
		90946F351CB9103700DB2D14 /* Resources */ = {
			isa = PBXResourcesBuildPhase;
			buildActionMask = 2147483647;
			files = (
				90946F481CB9103700DB2D14 /* LaunchScreen.storyboard in Resources */,
				90946F451CB9103700DB2D14 /* Assets.xcassets in Resources */,
				90946F401CB9103700DB2D14 /* Main.storyboard in Resources */,
			);
			runOnlyForDeploymentPostprocessing = 0;
		};
/* End PBXResourcesBuildPhase section */

/* Begin PBXSourcesBuildPhase section */
		90946F331CB9103700DB2D14 /* Sources */ = {
			isa = PBXSourcesBuildPhase;
			buildActionMask = 2147483647;
			files = (
				90946F501CB927B400DB2D14 /* Song.swift in Sources */,
				90946F431CB9103700DB2D14 /* HackaTheon.xcdatamodeld in Sources */,
				90D851F41CB9ACE20089E151 /* KaraokeViewController.swift in Sources */,
				90D851E41CB9714D0089E151 /* DSFacialGesturesDetector.m in Sources */,
				90946F5B1CB92B2800DB2D14 /* ListCollectionViewCell.swift in Sources */,
				90946F3D1CB9103700DB2D14 /* BooksViewController.swift in Sources */,
				90D851E31CB9714D0089E151 /* DSFacialGestureCameraCapturer.m in Sources */,
				90D851D31CB95FDF0089E151 /* PhoneCardsCollectionViewLayout.m in Sources */,
				90D851E81CB97F160089E151 /* ChordsViewController.swift in Sources */,
				90D851E11CB9714D0089E151 /* DSFacialGesture.m in Sources */,
				90946F561CB927E500DB2D14 /* Group.swift in Sources */,
				90D851EC1CB983D70089E151 /* ChordTableViewCell.swift in Sources */,
				90946F541CB927CE00DB2D14 /* List.swift in Sources */,
				90D851F21CB9A75C0089E151 /* SongTableViewCell.swift in Sources */,
				90D851EA1CB97F270089E151 /* NotesViewController.swift in Sources */,
				90D851D51CB96BD80089E151 /* SongViewController.swift in Sources */,
				90946F3B1CB9103700DB2D14 /* AppDelegate.swift in Sources */,
				90D851E51CB9714D0089E151 /* UIDevice+ExifOrientation.m in Sources */,
				90946F581CB929A600DB2D14 /* ListViewController.swift in Sources */,
				90D851E21CB9714D0089E151 /* DSFacialGestureAggregator.m in Sources */,
				90D851EE1CB989CC0089E151 /* CardTransition.swift in Sources */,
			);
			runOnlyForDeploymentPostprocessing = 0;
		};
/* End PBXSourcesBuildPhase section */

/* Begin PBXTargetDependency section */
		90D852271CB9AF8E0089E151 /* PBXTargetDependency */ = {
			isa = PBXTargetDependency;
			name = LTMorphingLabel;
			targetProxy = 90D852261CB9AF8E0089E151 /* PBXContainerItemProxy */;
		};
		90D8522B1CB9B04F0089E151 /* PBXTargetDependency */ = {
			isa = PBXTargetDependency;
			name = LTMorphingLabel;
			targetProxy = 90D8522A1CB9B04F0089E151 /* PBXContainerItemProxy */;
		};
/* End PBXTargetDependency section */

/* Begin PBXVariantGroup section */
		90946F3E1CB9103700DB2D14 /* Main.storyboard */ = {
			isa = PBXVariantGroup;
			children = (
				90946F3F1CB9103700DB2D14 /* Base */,
			);
			name = Main.storyboard;
			sourceTree = "<group>";
		};
		90946F461CB9103700DB2D14 /* LaunchScreen.storyboard */ = {
			isa = PBXVariantGroup;
			children = (
				90946F471CB9103700DB2D14 /* Base */,
			);
			name = LaunchScreen.storyboard;
			sourceTree = "<group>";
		};
/* End PBXVariantGroup section */

/* Begin XCBuildConfiguration section */
		90946F4A1CB9103700DB2D14 /* Debug */ = {
			isa = XCBuildConfiguration;
			buildSettings = {
				ALWAYS_SEARCH_USER_PATHS = NO;
				CLANG_ANALYZER_NONNULL = YES;
				CLANG_CXX_LANGUAGE_STANDARD = "gnu++0x";
				CLANG_CXX_LIBRARY = "libc++";
				CLANG_ENABLE_MODULES = YES;
				CLANG_ENABLE_OBJC_ARC = YES;
				CLANG_WARN_BOOL_CONVERSION = YES;
				CLANG_WARN_CONSTANT_CONVERSION = YES;
				CLANG_WARN_DIRECT_OBJC_ISA_USAGE = YES_ERROR;
				CLANG_WARN_EMPTY_BODY = YES;
				CLANG_WARN_ENUM_CONVERSION = YES;
				CLANG_WARN_INT_CONVERSION = YES;
				CLANG_WARN_OBJC_ROOT_CLASS = YES_ERROR;
				CLANG_WARN_UNREACHABLE_CODE = YES;
				CLANG_WARN__DUPLICATE_METHOD_MATCH = YES;
				"CODE_SIGN_IDENTITY[sdk=iphoneos*]" = "iPhone Developer";
				COPY_PHASE_STRIP = NO;
				DEBUG_INFORMATION_FORMAT = dwarf;
				ENABLE_STRICT_OBJC_MSGSEND = YES;
				ENABLE_TESTABILITY = YES;
				GCC_C_LANGUAGE_STANDARD = gnu99;
				GCC_DYNAMIC_NO_PIC = NO;
				GCC_NO_COMMON_BLOCKS = YES;
				GCC_OPTIMIZATION_LEVEL = 0;
				GCC_PREPROCESSOR_DEFINITIONS = (
					"DEBUG=1",
					"$(inherited)",
				);
				GCC_WARN_64_TO_32_BIT_CONVERSION = YES;
				GCC_WARN_ABOUT_RETURN_TYPE = YES_ERROR;
				GCC_WARN_UNDECLARED_SELECTOR = YES;
				GCC_WARN_UNINITIALIZED_AUTOS = YES_AGGRESSIVE;
				GCC_WARN_UNUSED_FUNCTION = YES;
				GCC_WARN_UNUSED_VARIABLE = YES;
				IPHONEOS_DEPLOYMENT_TARGET = 9.3;
				MTL_ENABLE_DEBUG_INFO = YES;
				ONLY_ACTIVE_ARCH = YES;
				SDKROOT = iphoneos;
				SWIFT_OPTIMIZATION_LEVEL = "-Onone";
			};
			name = Debug;
		};
		90946F4B1CB9103700DB2D14 /* Release */ = {
			isa = XCBuildConfiguration;
			buildSettings = {
				ALWAYS_SEARCH_USER_PATHS = NO;
				CLANG_ANALYZER_NONNULL = YES;
				CLANG_CXX_LANGUAGE_STANDARD = "gnu++0x";
				CLANG_CXX_LIBRARY = "libc++";
				CLANG_ENABLE_MODULES = YES;
				CLANG_ENABLE_OBJC_ARC = YES;
				CLANG_WARN_BOOL_CONVERSION = YES;
				CLANG_WARN_CONSTANT_CONVERSION = YES;
				CLANG_WARN_DIRECT_OBJC_ISA_USAGE = YES_ERROR;
				CLANG_WARN_EMPTY_BODY = YES;
				CLANG_WARN_ENUM_CONVERSION = YES;
				CLANG_WARN_INT_CONVERSION = YES;
				CLANG_WARN_OBJC_ROOT_CLASS = YES_ERROR;
				CLANG_WARN_UNREACHABLE_CODE = YES;
				CLANG_WARN__DUPLICATE_METHOD_MATCH = YES;
				"CODE_SIGN_IDENTITY[sdk=iphoneos*]" = "iPhone Developer";
				COPY_PHASE_STRIP = NO;
				DEBUG_INFORMATION_FORMAT = "dwarf-with-dsym";
				ENABLE_NS_ASSERTIONS = NO;
				ENABLE_STRICT_OBJC_MSGSEND = YES;
				GCC_C_LANGUAGE_STANDARD = gnu99;
				GCC_NO_COMMON_BLOCKS = YES;
				GCC_WARN_64_TO_32_BIT_CONVERSION = YES;
				GCC_WARN_ABOUT_RETURN_TYPE = YES_ERROR;
				GCC_WARN_UNDECLARED_SELECTOR = YES;
				GCC_WARN_UNINITIALIZED_AUTOS = YES_AGGRESSIVE;
				GCC_WARN_UNUSED_FUNCTION = YES;
				GCC_WARN_UNUSED_VARIABLE = YES;
				IPHONEOS_DEPLOYMENT_TARGET = 9.3;
				MTL_ENABLE_DEBUG_INFO = NO;
				SDKROOT = iphoneos;
				VALIDATE_PRODUCT = YES;
			};
			name = Release;
		};
		90946F4D1CB9103700DB2D14 /* Debug */ = {
			isa = XCBuildConfiguration;
			buildSettings = {
				ASSETCATALOG_COMPILER_APPICON_NAME = AppIcon;
				CLANG_ENABLE_MODULES = YES;
				EMBEDDED_CONTENT_CONTAINS_SWIFT = YES;
				INFOPLIST_FILE = HackaTheon/Info.plist;
				LD_RUNPATH_SEARCH_PATHS = "$(inherited) @executable_path/Frameworks";
				PRODUCT_BUNDLE_IDENTIFIER = com.smialko.HackaTheon;
				PRODUCT_NAME = "$(TARGET_NAME)";
				SWIFT_OBJC_BRIDGING_HEADER = "HackaTheon/HackaTheon-Bridging-Header.h";
				SWIFT_OPTIMIZATION_LEVEL = "-Onone";
			};
			name = Debug;
		};
		90946F4E1CB9103700DB2D14 /* Release */ = {
			isa = XCBuildConfiguration;
			buildSettings = {
				ASSETCATALOG_COMPILER_APPICON_NAME = AppIcon;
				CLANG_ENABLE_MODULES = YES;
				EMBEDDED_CONTENT_CONTAINS_SWIFT = YES;
				INFOPLIST_FILE = HackaTheon/Info.plist;
				LD_RUNPATH_SEARCH_PATHS = "$(inherited) @executable_path/Frameworks";
				PRODUCT_BUNDLE_IDENTIFIER = com.smialko.HackaTheon;
				PRODUCT_NAME = "$(TARGET_NAME)";
				SWIFT_OBJC_BRIDGING_HEADER = "HackaTheon/HackaTheon-Bridging-Header.h";
			};
			name = Release;
		};
/* End XCBuildConfiguration section */

/* Begin XCConfigurationList section */
		90946F321CB9103700DB2D14 /* Build configuration list for PBXProject "HackaTheon" */ = {
			isa = XCConfigurationList;
			buildConfigurations = (
				90946F4A1CB9103700DB2D14 /* Debug */,
				90946F4B1CB9103700DB2D14 /* Release */,
			);
			defaultConfigurationIsVisible = 0;
			defaultConfigurationName = Release;
		};
		90946F4C1CB9103700DB2D14 /* Build configuration list for PBXNativeTarget "HackaTheon" */ = {
			isa = XCConfigurationList;
			buildConfigurations = (
				90946F4D1CB9103700DB2D14 /* Debug */,
				90946F4E1CB9103700DB2D14 /* Release */,
			);
			defaultConfigurationIsVisible = 0;
			defaultConfigurationName = Release;
		};
/* End XCConfigurationList section */

/* Begin XCVersionGroup section */
		90946F411CB9103700DB2D14 /* HackaTheon.xcdatamodeld */ = {
			isa = XCVersionGroup;
			children = (
				90946F421CB9103700DB2D14 /* HackaTheon.xcdatamodel */,
			);
			currentVersion = 90946F421CB9103700DB2D14 /* HackaTheon.xcdatamodel */;
			path = HackaTheon.xcdatamodeld;
			sourceTree = "<group>";
			versionGroupType = wrapper.xcdatamodel;
		};
/* End XCVersionGroup section */
	};
	rootObject = 90946F2F1CB9103700DB2D14 /* Project object */;
}
